
Microsoft Visual Studio Solution File, Format Version 12.00
# Visual Studio 2012
Project("{FAE04EC0-301F-11D3-BF4B-00C04F79EFBC}") = "appOne", "appOne\appOne.csproj", "{8582C518-5FB1-4A34-B871-3D24CDDE9B1B}"
EndProject
Global
	GlobalSection(SolutionConfigurationPlatforms) = preSolution
		Debug|Any CPU = Debug|Any CPU
		Release|Any CPU = Release|Any CPU
	EndGlobalSection
	GlobalSection(ProjectConfigurationPlatforms) = postSolution
		{8582C518-5FB1-4A34-B871-3D24CDDE9B1B}.Debug|Any CPU.ActiveCfg = Debug|Any CPU
		{8582C518-5FB1-4A34-B871-3D24CDDE9B1B}.Debug|Any CPU.Build.0 = Debug|Any CPU
		{8582C518-5FB1-4A34-B871-3D24CDDE9B1B}.Release|Any CPU.ActiveCfg = Release|Any CPU
		{8582C518-5FB1-4A34-B871-3D24CDDE9B1B}.Release|Any CPU.Build.0 = Release|Any CPU
	EndGlobalSection
	GlobalSection(SolutionProperties) = preSolution
		HideSolutionNode = FALSE
	EndGlobalSection
EndGlobal
